# This file is automatically @generated by Poetry 2.3.2 and should not be changed by hand.

[[package]]
name = "intelhex"
version = "2.3.0"
description = "Python library for Intel HEX files manipulations"
optional = false
python-versions = "*"
groups = ["main"]
files = [
    {file = "intelhex-2.3.0-py2.py3-none-any.whl", hash = "sha256:87cc5225657524ec6361354be928adfd56bcf2a3dcc646c40f8f094c39c07db4"},
    {file = "intelhex-2.3.0.tar.gz", hash = "sha256:892b7361a719f4945237da8ccf754e9513db32f5628852785aea108dcd250093"},
]

[metadata]
lock-version = "2.1"
python-versions = ">=3.13"
content-hash = "dbeb4891512233c0e856bd54863b05ef3ac7b61cdaca80e288d81cd2a64d367a"
